
Microsoft Visual Studio Solution File, Format Version 12.00
# Visual Studio Version 16
VisualStudioVersion = 16.0.29215.179
MinimumVisualStudioVersion = 10.0.40219.1
Project("{FAE04EC0-301F-11D3-BF4B-00C04F79EFBC}") = "ProyectoED2", "ProyectoED2\ProyectoED2.csproj", "{54BE74A7-7ABB-4FBC-8FCB-5D76A2F8DE80}"
EndProject
Project("{FAE04EC0-301F-11D3-BF4B-00C04F79EFBC}") = "Proyecto2API", "Proyecto2API\Proyecto2API.csproj", "{E120C4CD-1CBD-4279-8121-70AC7E378A98}"
EndProject
Global
	GlobalSection(SolutionConfigurationPlatforms) = preSolution
		Debug|Any CPU = Debug|Any CPU
		Release|Any CPU = Release|Any CPU
	EndGlobalSection
	GlobalSection(ProjectConfigurationPlatforms) = postSolution
		{54BE74A7-7ABB-4FBC-8FCB-5D76A2F8DE80}.Debug|Any CPU.ActiveCfg = Debug|Any CPU
		{54BE74A7-7ABB-4FBC-8FCB-5D76A2F8DE80}.Debug|Any CPU.Build.0 = Debug|Any CPU
		{54BE74A7-7ABB-4FBC-8FCB-5D76A2F8DE80}.Release|Any CPU.ActiveCfg = Release|Any CPU
		{54BE74A7-7ABB-4FBC-8FCB-5D76A2F8DE80}.Release|Any CPU.Build.0 = Release|Any CPU
		{E120C4CD-1CBD-4279-8121-70AC7E378A98}.Debug|Any CPU.ActiveCfg = Debug|Any CPU
		{E120C4CD-1CBD-4279-8121-70AC7E378A98}.Debug|Any CPU.Build.0 = Debug|Any CPU
		{E120C4CD-1CBD-4279-8121-70AC7E378A98}.Release|Any CPU.ActiveCfg = Release|Any CPU
		{E120C4CD-1CBD-4279-8121-70AC7E378A98}.Release|Any CPU.Build.0 = Release|Any CPU
	EndGlobalSection
	GlobalSection(SolutionProperties) = preSolution
		HideSolutionNode = FALSE
	EndGlobalSection
	GlobalSection(ExtensibilityGlobals) = postSolution
		SolutionGuid = {14296DAE-9DA2-459E-BED0-C8A86ABE7075}
	EndGlobalSection
EndGlobal
