
Microsoft Visual Studio Solution File, Format Version 12.00
# Visual Studio Version 16
VisualStudioVersion = 16.0.28803.202
MinimumVisualStudioVersion = 10.0.40219.1
Project("{FAE04EC0-301F-11D3-BF4B-00C04F79EFBC}") = "APIChat", "APIChat\APIChat.csproj", "{DA8C9E05-B15A-4506-8048-E9E4B06B1312}"
EndProject
Project("{FAE04EC0-301F-11D3-BF4B-00C04F79EFBC}") = "MVCClient", "MVCClient\MVCClient.csproj", "{0636248B-AA9D-4D43-B16B-87D8A5BC9D36}"
EndProject
Global
	GlobalSection(SolutionConfigurationPlatforms) = preSolution
		Debug|Any CPU = Debug|Any CPU
		Release|Any CPU = Release|Any CPU
	EndGlobalSection
	GlobalSection(ProjectConfigurationPlatforms) = postSolution
		{DA8C9E05-B15A-4506-8048-E9E4B06B1312}.Debug|Any CPU.ActiveCfg = Debug|Any CPU
		{DA8C9E05-B15A-4506-8048-E9E4B06B1312}.Debug|Any CPU.Build.0 = Debug|Any CPU
		{DA8C9E05-B15A-4506-8048-E9E4B06B1312}.Release|Any CPU.ActiveCfg = Release|Any CPU
		{DA8C9E05-B15A-4506-8048-E9E4B06B1312}.Release|Any CPU.Build.0 = Release|Any CPU
		{0636248B-AA9D-4D43-B16B-87D8A5BC9D36}.Debug|Any CPU.ActiveCfg = Debug|Any CPU
		{0636248B-AA9D-4D43-B16B-87D8A5BC9D36}.Debug|Any CPU.Build.0 = Debug|Any CPU
		{0636248B-AA9D-4D43-B16B-87D8A5BC9D36}.Release|Any CPU.ActiveCfg = Release|Any CPU
		{0636248B-AA9D-4D43-B16B-87D8A5BC9D36}.Release|Any CPU.Build.0 = Release|Any CPU
	EndGlobalSection
	GlobalSection(SolutionProperties) = preSolution
		HideSolutionNode = FALSE
	EndGlobalSection
	GlobalSection(ExtensibilityGlobals) = postSolution
		SolutionGuid = {C2ED48E5-69F3-4FBC-90E7-4E2EA1A796CF}
	EndGlobalSection
EndGlobal
